// !$*UTF8*$!
{
	archiveVersion = 1;
	classes = {
	};
	objectVersion = 50;
	objects = {

/* Begin PBXBuildFile section */
		A52049DD233D6A66000EF956 /* AppDelegate.swift in Sources */ = {isa = PBXBuildFile; fileRef = A52049DC233D6A66000EF956 /* AppDelegate.swift */; };
		A52049E2233D6A66000EF956 /* Main.storyboard in Resources */ = {isa = PBXBuildFile; fileRef = A52049E0233D6A66000EF956 /* Main.storyboard */; };
		A52049E4233D6A68000EF956 /* Assets.xcassets in Resources */ = {isa = PBXBuildFile; fileRef = A52049E3233D6A68000EF956 /* Assets.xcassets */; };
		A52049E7233D6A68000EF956 /* LaunchScreen.storyboard in Resources */ = {isa = PBXBuildFile; fileRef = A52049E5233D6A68000EF956 /* LaunchScreen.storyboard */; };
		A52049F2233D6A68000EF956 /* Collection_View_LabTests.swift in Sources */ = {isa = PBXBuildFile; fileRef = A52049F1233D6A68000EF956 /* Collection_View_LabTests.swift */; };
		A5204A2B233E8FEC000EF956 /* CountryViewController.swift in Sources */ = {isa = PBXBuildFile; fileRef = A5204A2A233E8FEC000EF956 /* CountryViewController.swift */; };
		A5204A2F234000A0000EF956 /* CountryCollectionViewCell.swift in Sources */ = {isa = PBXBuildFile; fileRef = A5204A2E234000A0000EF956 /* CountryCollectionViewCell.swift */; };
		A5204A352340041D000EF956 /* CountryModel.swift in Sources */ = {isa = PBXBuildFile; fileRef = A5204A342340041D000EF956 /* CountryModel.swift */; };
		A5204A3823400549000EF956 /* NetworkManager.swift in Sources */ = {isa = PBXBuildFile; fileRef = A5204A3723400549000EF956 /* NetworkManager.swift */; };
		A5204A3B234005C7000EF956 /* AppErrorHandler.swift in Sources */ = {isa = PBXBuildFile; fileRef = A5204A3A234005C7000EF956 /* AppErrorHandler.swift */; };
		A5204A3D234006D9000EF956 /* CountryAPIClient.swift in Sources */ = {isa = PBXBuildFile; fileRef = A5204A3C234006D9000EF956 /* CountryAPIClient.swift */; };
		A5204A3F23404967000EF956 /* ImageManager.swift in Sources */ = {isa = PBXBuildFile; fileRef = A5204A3E23404967000EF956 /* ImageManager.swift */; };
		A5204A4123405727000EF956 /* DetailCountryViewController.swift in Sources */ = {isa = PBXBuildFile; fileRef = A5204A4023405727000EF956 /* DetailCountryViewController.swift */; };
/* End PBXBuildFile section */

/* Begin PBXContainerItemProxy section */
		A52049EE233D6A68000EF956 /* PBXContainerItemProxy */ = {
			isa = PBXContainerItemProxy;
			containerPortal = A52049D1233D6A66000EF956 /* Project object */;
			proxyType = 1;
			remoteGlobalIDString = A52049D8233D6A66000EF956;
			remoteInfo = "Collection-View-Lab";
		};
/* End PBXContainerItemProxy section */

/* Begin PBXFileReference section */
		A52049D9233D6A66000EF956 /* Collection-View-Lab.app */ = {isa = PBXFileReference; explicitFileType = wrapper.application; includeInIndex = 0; path = "Collection-View-Lab.app"; sourceTree = BUILT_PRODUCTS_DIR; };
		A52049DC233D6A66000EF956 /* AppDelegate.swift */ = {isa = PBXFileReference; lastKnownFileType = sourcecode.swift; path = AppDelegate.swift; sourceTree = "<group>"; };
		A52049E1233D6A66000EF956 /* Base */ = {isa = PBXFileReference; lastKnownFileType = file.storyboard; name = Base; path = Base.lproj/Main.storyboard; sourceTree = "<group>"; };
		A52049E3233D6A68000EF956 /* Assets.xcassets */ = {isa = PBXFileReference; lastKnownFileType = folder.assetcatalog; path = Assets.xcassets; sourceTree = "<group>"; };
		A52049E6233D6A68000EF956 /* Base */ = {isa = PBXFileReference; lastKnownFileType = file.storyboard; name = Base; path = Base.lproj/LaunchScreen.storyboard; sourceTree = "<group>"; };
		A52049E8233D6A68000EF956 /* Info.plist */ = {isa = PBXFileReference; lastKnownFileType = text.plist.xml; path = Info.plist; sourceTree = "<group>"; };
		A52049ED233D6A68000EF956 /* Collection-View-LabTests.xctest */ = {isa = PBXFileReference; explicitFileType = wrapper.cfbundle; includeInIndex = 0; path = "Collection-View-LabTests.xctest"; sourceTree = BUILT_PRODUCTS_DIR; };
		A52049F1233D6A68000EF956 /* Collection_View_LabTests.swift */ = {isa = PBXFileReference; lastKnownFileType = sourcecode.swift; path = Collection_View_LabTests.swift; sourceTree = "<group>"; };
		A52049F3233D6A68000EF956 /* Info.plist */ = {isa = PBXFileReference; lastKnownFileType = text.plist.xml; path = Info.plist; sourceTree = "<group>"; };
		A5204A2A233E8FEC000EF956 /* CountryViewController.swift */ = {isa = PBXFileReference; lastKnownFileType = sourcecode.swift; path = CountryViewController.swift; sourceTree = "<group>"; };
		A5204A2E234000A0000EF956 /* CountryCollectionViewCell.swift */ = {isa = PBXFileReference; lastKnownFileType = sourcecode.swift; path = CountryCollectionViewCell.swift; sourceTree = "<group>"; };
		A5204A342340041D000EF956 /* CountryModel.swift */ = {isa = PBXFileReference; lastKnownFileType = sourcecode.swift; path = CountryModel.swift; sourceTree = "<group>"; };
		A5204A3723400549000EF956 /* NetworkManager.swift */ = {isa = PBXFileReference; lastKnownFileType = sourcecode.swift; path = NetworkManager.swift; sourceTree = "<group>"; };
		A5204A3A234005C7000EF956 /* AppErrorHandler.swift */ = {isa = PBXFileReference; lastKnownFileType = sourcecode.swift; path = AppErrorHandler.swift; sourceTree = "<group>"; };
		A5204A3C234006D9000EF956 /* CountryAPIClient.swift */ = {isa = PBXFileReference; lastKnownFileType = sourcecode.swift; path = CountryAPIClient.swift; sourceTree = "<group>"; };
		A5204A3E23404967000EF956 /* ImageManager.swift */ = {isa = PBXFileReference; lastKnownFileType = sourcecode.swift; path = ImageManager.swift; sourceTree = "<group>"; };
		A5204A4023405727000EF956 /* DetailCountryViewController.swift */ = {isa = PBXFileReference; lastKnownFileType = sourcecode.swift; path = DetailCountryViewController.swift; sourceTree = "<group>"; };
/* End PBXFileReference section */

/* Begin PBXFrameworksBuildPhase section */
		A52049D6233D6A66000EF956 /* Frameworks */ = {
			isa = PBXFrameworksBuildPhase;
			buildActionMask = 2147483647;
			files = (
			);
			runOnlyForDeploymentPostprocessing = 0;
		};
		A52049EA233D6A68000EF956 /* Frameworks */ = {
			isa = PBXFrameworksBuildPhase;
			buildActionMask = 2147483647;
			files = (
			);
			runOnlyForDeploymentPostprocessing = 0;
		};
/* End PBXFrameworksBuildPhase section */

/* Begin PBXGroup section */
		A52049D0233D6A66000EF956 = {
			isa = PBXGroup;
			children = (
				A52049DB233D6A66000EF956 /* Collection-View-Lab */,
				A52049F0233D6A68000EF956 /* Collection-View-LabTests */,
				A52049DA233D6A66000EF956 /* Products */,
			);
			sourceTree = "<group>";
		};
		A52049DA233D6A66000EF956 /* Products */ = {
			isa = PBXGroup;
			children = (
				A52049D9233D6A66000EF956 /* Collection-View-Lab.app */,
				A52049ED233D6A68000EF956 /* Collection-View-LabTests.xctest */,
			);
			name = Products;
			sourceTree = "<group>";
		};
		A52049DB233D6A66000EF956 /* Collection-View-Lab */ = {
			isa = PBXGroup;
			children = (
				A5204A362340042C000EF956 /* Models */,
				A5204A312340016A000EF956 /* Controllers */,
				A5204A302340014A000EF956 /* Views */,
				A52049E3233D6A68000EF956 /* Assets.xcassets */,
				A52049DC233D6A66000EF956 /* AppDelegate.swift */,
				A52049E5233D6A68000EF956 /* LaunchScreen.storyboard */,
				A52049E8233D6A68000EF956 /* Info.plist */,
			);
			path = "Collection-View-Lab";
			sourceTree = "<group>";
		};
		A52049F0233D6A68000EF956 /* Collection-View-LabTests */ = {
			isa = PBXGroup;
			children = (
				A52049F1233D6A68000EF956 /* Collection_View_LabTests.swift */,
				A52049F3233D6A68000EF956 /* Info.plist */,
			);
			path = "Collection-View-LabTests";
			sourceTree = "<group>";
		};
		A5204A302340014A000EF956 /* Views */ = {
			isa = PBXGroup;
			children = (
				A52049E0233D6A66000EF956 /* Main.storyboard */,
				A5204A2E234000A0000EF956 /* CountryCollectionViewCell.swift */,
			);
			path = Views;
			sourceTree = "<group>";
		};
		A5204A312340016A000EF956 /* Controllers */ = {
			isa = PBXGroup;
			children = (
				A5204A2A233E8FEC000EF956 /* CountryViewController.swift */,
				A5204A4023405727000EF956 /* DetailCountryViewController.swift */,
			);
			path = Controllers;
			sourceTree = "<group>";
		};
		A5204A362340042C000EF956 /* Models */ = {
			isa = PBXGroup;
			children = (
				A5204A342340041D000EF956 /* CountryModel.swift */,
				A5204A3923400554000EF956 /* Networking */,
			);
			path = Models;
			sourceTree = "<group>";
		};
		A5204A3923400554000EF956 /* Networking */ = {
			isa = PBXGroup;
			children = (
				A5204A3723400549000EF956 /* NetworkManager.swift */,
				A5204A3A234005C7000EF956 /* AppErrorHandler.swift */,
				A5204A3C234006D9000EF956 /* CountryAPIClient.swift */,
				A5204A3E23404967000EF956 /* ImageManager.swift */,
			);
			path = Networking;
			sourceTree = "<group>";
		};
/* End PBXGroup section */

/* Begin PBXNativeTarget section */
		A52049D8233D6A66000EF956 /* Collection-View-Lab */ = {
			isa = PBXNativeTarget;
			buildConfigurationList = A52049F6233D6A68000EF956 /* Build configuration list for PBXNativeTarget "Collection-View-Lab" */;
			buildPhases = (
				A52049D5233D6A66000EF956 /* Sources */,
				A52049D6233D6A66000EF956 /* Frameworks */,
				A52049D7233D6A66000EF956 /* Resources */,
			);
			buildRules = (
			);
			dependencies = (
			);
			name = "Collection-View-Lab";
			productName = "Collection-View-Lab";
			productReference = A52049D9233D6A66000EF956 /* Collection-View-Lab.app */;
			productType = "com.apple.product-type.application";
		};
		A52049EC233D6A68000EF956 /* Collection-View-LabTests */ = {
			isa = PBXNativeTarget;
			buildConfigurationList = A52049F9233D6A68000EF956 /* Build configuration list for PBXNativeTarget "Collection-View-LabTests" */;
			buildPhases = (
				A52049E9233D6A68000EF956 /* Sources */,
				A52049EA233D6A68000EF956 /* Frameworks */,
				A52049EB233D6A68000EF956 /* Resources */,
			);
			buildRules = (
			);
			dependencies = (
				A52049EF233D6A68000EF956 /* PBXTargetDependency */,
			);
			name = "Collection-View-LabTests";
			productName = "Collection-View-LabTests";
			productReference = A52049ED233D6A68000EF956 /* Collection-View-LabTests.xctest */;
			productType = "com.apple.product-type.bundle.unit-test";
		};
/* End PBXNativeTarget section */

/* Begin PBXProject section */
		A52049D1233D6A66000EF956 /* Project object */ = {
			isa = PBXProject;
			attributes = {
				LastSwiftUpdateCheck = 1030;
				LastUpgradeCheck = 1030;
				ORGANIZATIONNAME = "Liana Norman";
				TargetAttributes = {
					A52049D8233D6A66000EF956 = {
						CreatedOnToolsVersion = 10.3;
					};
					A52049EC233D6A68000EF956 = {
						CreatedOnToolsVersion = 10.3;
						TestTargetID = A52049D8233D6A66000EF956;
					};
				};
			};
			buildConfigurationList = A52049D4233D6A66000EF956 /* Build configuration list for PBXProject "Collection-View-Lab" */;
			compatibilityVersion = "Xcode 9.3";
			developmentRegion = en;
			hasScannedForEncodings = 0;
			knownRegions = (
				en,
				Base,
			);
			mainGroup = A52049D0233D6A66000EF956;
			productRefGroup = A52049DA233D6A66000EF956 /* Products */;
			projectDirPath = "";
			projectRoot = "";
			targets = (
				A52049D8233D6A66000EF956 /* Collection-View-Lab */,
				A52049EC233D6A68000EF956 /* Collection-View-LabTests */,
			);
		};
/* End PBXProject section */

/* Begin PBXResourcesBuildPhase section */
		A52049D7233D6A66000EF956 /* Resources */ = {
			isa = PBXResourcesBuildPhase;
			buildActionMask = 2147483647;
			files = (
				A52049E7233D6A68000EF956 /* LaunchScreen.storyboard in Resources */,
				A52049E4233D6A68000EF956 /* Assets.xcassets in Resources */,
				A52049E2233D6A66000EF956 /* Main.storyboard in Resources */,
			);
			runOnlyForDeploymentPostprocessing = 0;
		};
		A52049EB233D6A68000EF956 /* Resources */ = {
			isa = PBXResourcesBuildPhase;
			buildActionMask = 2147483647;
			files = (
			);
			runOnlyForDeploymentPostprocessing = 0;
		};
/* End PBXResourcesBuildPhase section */

/* Begin PBXSourcesBuildPhase section */
		A52049D5233D6A66000EF956 /* Sources */ = {
			isa = PBXSourcesBuildPhase;
			buildActionMask = 2147483647;
			files = (
				A52049DD233D6A66000EF956 /* AppDelegate.swift in Sources */,
				A5204A3D234006D9000EF956 /* CountryAPIClient.swift in Sources */,
				A5204A2F234000A0000EF956 /* CountryCollectionViewCell.swift in Sources */,
				A5204A3F23404967000EF956 /* ImageManager.swift in Sources */,
				A5204A3823400549000EF956 /* NetworkManager.swift in Sources */,
				A5204A3B234005C7000EF956 /* AppErrorHandler.swift in Sources */,
				A5204A4123405727000EF956 /* DetailCountryViewController.swift in Sources */,
				A5204A352340041D000EF956 /* CountryModel.swift in Sources */,
				A5204A2B233E8FEC000EF956 /* CountryViewController.swift in Sources */,
			);
			runOnlyForDeploymentPostprocessing = 0;
		};
		A52049E9233D6A68000EF956 /* Sources */ = {
			isa = PBXSourcesBuildPhase;
			buildActionMask = 2147483647;
			files = (
				A52049F2233D6A68000EF956 /* Collection_View_LabTests.swift in Sources */,
			);
			runOnlyForDeploymentPostprocessing = 0;
		};
/* End PBXSourcesBuildPhase section */

/* Begin PBXTargetDependency section */
		A52049EF233D6A68000EF956 /* PBXTargetDependency */ = {
			isa = PBXTargetDependency;
			target = A52049D8233D6A66000EF956 /* Collection-View-Lab */;
			targetProxy = A52049EE233D6A68000EF956 /* PBXContainerItemProxy */;
		};
/* End PBXTargetDependency section */

/* Begin PBXVariantGroup section */
		A52049E0233D6A66000EF956 /* Main.storyboard */ = {
			isa = PBXVariantGroup;
			children = (
				A52049E1233D6A66000EF956 /* Base */,
			);
			name = Main.storyboard;
			sourceTree = "<group>";
		};
		A52049E5233D6A68000EF956 /* LaunchScreen.storyboard */ = {
			isa = PBXVariantGroup;
			children = (
				A52049E6233D6A68000EF956 /* Base */,
			);
			name = LaunchScreen.storyboard;
			sourceTree = "<group>";
		};
/* End PBXVariantGroup section */

/* Begin XCBuildConfiguration section */
		A52049F4233D6A68000EF956 /* Debug */ = {
			isa = XCBuildConfiguration;
			buildSettings = {
				ALWAYS_SEARCH_USER_PATHS = NO;
				CLANG_ANALYZER_NONNULL = YES;
				CLANG_ANALYZER_NUMBER_OBJECT_CONVERSION = YES_AGGRESSIVE;
				CLANG_CXX_LANGUAGE_STANDARD = "gnu++14";
				CLANG_CXX_LIBRARY = "libc++";
				CLANG_ENABLE_MODULES = YES;
				CLANG_ENABLE_OBJC_ARC = YES;
				CLANG_ENABLE_OBJC_WEAK = YES;
				CLANG_WARN_BLOCK_CAPTURE_AUTORELEASING = YES;
				CLANG_WARN_BOOL_CONVERSION = YES;
				CLANG_WARN_COMMA = YES;
				CLANG_WARN_CONSTANT_CONVERSION = YES;
				CLANG_WARN_DEPRECATED_OBJC_IMPLEMENTATIONS = YES;
				CLANG_WARN_DIRECT_OBJC_ISA_USAGE = YES_ERROR;
				CLANG_WARN_DOCUMENTATION_COMMENTS = YES;
				CLANG_WARN_EMPTY_BODY = YES;
				CLANG_WARN_ENUM_CONVERSION = YES;
				CLANG_WARN_INFINITE_RECURSION = YES;
				CLANG_WARN_INT_CONVERSION = YES;
				CLANG_WARN_NON_LITERAL_NULL_CONVERSION = YES;
				CLANG_WARN_OBJC_IMPLICIT_RETAIN_SELF = YES;
				CLANG_WARN_OBJC_LITERAL_CONVERSION = YES;
				CLANG_WARN_OBJC_ROOT_CLASS = YES_ERROR;
				CLANG_WARN_RANGE_LOOP_ANALYSIS = YES;
				CLANG_WARN_STRICT_PROTOTYPES = YES;
				CLANG_WARN_SUSPICIOUS_MOVE = YES;
				CLANG_WARN_UNGUARDED_AVAILABILITY = YES_AGGRESSIVE;
				CLANG_WARN_UNREACHABLE_CODE = YES;
				CLANG_WARN__DUPLICATE_METHOD_MATCH = YES;
				CODE_SIGN_IDENTITY = "iPhone Developer";
				COPY_PHASE_STRIP = NO;
				DEBUG_INFORMATION_FORMAT = dwarf;
				ENABLE_STRICT_OBJC_MSGSEND = YES;
				ENABLE_TESTABILITY = YES;
				GCC_C_LANGUAGE_STANDARD = gnu11;
				GCC_DYNAMIC_NO_PIC = NO;
				GCC_NO_COMMON_BLOCKS = YES;
				GCC_OPTIMIZATION_LEVEL = 0;
				GCC_PREPROCESSOR_DEFINITIONS = (
					"DEBUG=1",
					"$(inherited)",
				);
				GCC_WARN_64_TO_32_BIT_CONVERSION = YES;
				GCC_WARN_ABOUT_RETURN_TYPE = YES_ERROR;
				GCC_WARN_UNDECLARED_SELECTOR = YES;
				GCC_WARN_UNINITIALIZED_AUTOS = YES_AGGRESSIVE;
				GCC_WARN_UNUSED_FUNCTION = YES;
				GCC_WARN_UNUSED_VARIABLE = YES;
				IPHONEOS_DEPLOYMENT_TARGET = 12.4;
				MTL_ENABLE_DEBUG_INFO = INCLUDE_SOURCE;
				MTL_FAST_MATH = YES;
				ONLY_ACTIVE_ARCH = YES;
				SDKROOT = iphoneos;
				SWIFT_ACTIVE_COMPILATION_CONDITIONS = DEBUG;
				SWIFT_OPTIMIZATION_LEVEL = "-Onone";
			};
			name = Debug;
		};
		A52049F5233D6A68000EF956 /* Release */ = {
			isa = XCBuildConfiguration;
			buildSettings = {
				ALWAYS_SEARCH_USER_PATHS = NO;
				CLANG_ANALYZER_NONNULL = YES;
				CLANG_ANALYZER_NUMBER_OBJECT_CONVERSION = YES_AGGRESSIVE;
				CLANG_CXX_LANGUAGE_STANDARD = "gnu++14";
				CLANG_CXX_LIBRARY = "libc++";
				CLANG_ENABLE_MODULES = YES;
				CLANG_ENABLE_OBJC_ARC = YES;
				CLANG_ENABLE_OBJC_WEAK = YES;
				CLANG_WARN_BLOCK_CAPTURE_AUTORELEASING = YES;
				CLANG_WARN_BOOL_CONVERSION = YES;
				CLANG_WARN_COMMA = YES;
				CLANG_WARN_CONSTANT_CONVERSION = YES;
				CLANG_WARN_DEPRECATED_OBJC_IMPLEMENTATIONS = YES;
				CLANG_WARN_DIRECT_OBJC_ISA_USAGE = YES_ERROR;
				CLANG_WARN_DOCUMENTATION_COMMENTS = YES;
				CLANG_WARN_EMPTY_BODY = YES;
				CLANG_WARN_ENUM_CONVERSION = YES;
				CLANG_WARN_INFINITE_RECURSION = YES;
				CLANG_WARN_INT_CONVERSION = YES;
				CLANG_WARN_NON_LITERAL_NULL_CONVERSION = YES;
				CLANG_WARN_OBJC_IMPLICIT_RETAIN_SELF = YES;
				CLANG_WARN_OBJC_LITERAL_CONVERSION = YES;
				CLANG_WARN_OBJC_ROOT_CLASS = YES_ERROR;
				CLANG_WARN_RANGE_LOOP_ANALYSIS = YES;
				CLANG_WARN_STRICT_PROTOTYPES = YES;
				CLANG_WARN_SUSPICIOUS_MOVE = YES;
				CLANG_WARN_UNGUARDED_AVAILABILITY = YES_AGGRESSIVE;
				CLANG_WARN_UNREACHABLE_CODE = YES;
				CLANG_WARN__DUPLICATE_METHOD_MATCH = YES;
				CODE_SIGN_IDENTITY = "iPhone Developer";
				COPY_PHASE_STRIP = NO;
				DEBUG_INFORMATION_FORMAT = "dwarf-with-dsym";
				ENABLE_NS_ASSERTIONS = NO;
				ENABLE_STRICT_OBJC_MSGSEND = YES;
				GCC_C_LANGUAGE_STANDARD = gnu11;
				GCC_NO_COMMON_BLOCKS = YES;
				GCC_WARN_64_TO_32_BIT_CONVERSION = YES;
				GCC_WARN_ABOUT_RETURN_TYPE = YES_ERROR;
				GCC_WARN_UNDECLARED_SELECTOR = YES;
				GCC_WARN_UNINITIALIZED_AUTOS = YES_AGGRESSIVE;
				GCC_WARN_UNUSED_FUNCTION = YES;
				GCC_WARN_UNUSED_VARIABLE = YES;
				IPHONEOS_DEPLOYMENT_TARGET = 12.4;
				MTL_ENABLE_DEBUG_INFO = NO;
				MTL_FAST_MATH = YES;
				SDKROOT = iphoneos;
				SWIFT_COMPILATION_MODE = wholemodule;
				SWIFT_OPTIMIZATION_LEVEL = "-O";
				VALIDATE_PRODUCT = YES;
			};
			name = Release;
		};
		A52049F7233D6A68000EF956 /* Debug */ = {
			isa = XCBuildConfiguration;
			buildSettings = {
				ASSETCATALOG_COMPILER_APPICON_NAME = AppIcon;
				CODE_SIGN_STYLE = Automatic;
				INFOPLIST_FILE = "Collection-View-Lab/Info.plist";
				LD_RUNPATH_SEARCH_PATHS = (
					"$(inherited)",
					"@executable_path/Frameworks",
				);
				PRODUCT_BUNDLE_IDENTIFIER = "Pursuit-Projects.Collection-View-Lab";
				PRODUCT_NAME = "$(TARGET_NAME)";
				SWIFT_VERSION = 5.0;
				TARGETED_DEVICE_FAMILY = "1,2";
			};
			name = Debug;
		};
		A52049F8233D6A68000EF956 /* Release */ = {
			isa = XCBuildConfiguration;
			buildSettings = {
				ASSETCATALOG_COMPILER_APPICON_NAME = AppIcon;
				CODE_SIGN_STYLE = Automatic;
				INFOPLIST_FILE = "Collection-View-Lab/Info.plist";
				LD_RUNPATH_SEARCH_PATHS = (
					"$(inherited)",
					"@executable_path/Frameworks",
				);
				PRODUCT_BUNDLE_IDENTIFIER = "Pursuit-Projects.Collection-View-Lab";
				PRODUCT_NAME = "$(TARGET_NAME)";
				SWIFT_VERSION = 5.0;
				TARGETED_DEVICE_FAMILY = "1,2";
			};
			name = Release;
		};
		A52049FA233D6A68000EF956 /* Debug */ = {
			isa = XCBuildConfiguration;
			buildSettings = {
				ALWAYS_EMBED_SWIFT_STANDARD_LIBRARIES = YES;
				BUNDLE_LOADER = "$(TEST_HOST)";
				CODE_SIGN_STYLE = Automatic;
				INFOPLIST_FILE = "Collection-View-LabTests/Info.plist";
				LD_RUNPATH_SEARCH_PATHS = (
					"$(inherited)",
					"@executable_path/Frameworks",
					"@loader_path/Frameworks",
				);
				PRODUCT_BUNDLE_IDENTIFIER = "Pursuit-Projects.Collection-View-LabTests";
				PRODUCT_NAME = "$(TARGET_NAME)";
				SWIFT_VERSION = 5.0;
				TARGETED_DEVICE_FAMILY = "1,2";
				TEST_HOST = "$(BUILT_PRODUCTS_DIR)/Collection-View-Lab.app/Collection-View-Lab";
			};
			name = Debug;
		};
		A52049FB233D6A68000EF956 /* Release */ = {
			isa = XCBuildConfiguration;
			buildSettings = {
				ALWAYS_EMBED_SWIFT_STANDARD_LIBRARIES = YES;
				BUNDLE_LOADER = "$(TEST_HOST)";
				CODE_SIGN_STYLE = Automatic;
				INFOPLIST_FILE = "Collection-View-LabTests/Info.plist";
				LD_RUNPATH_SEARCH_PATHS = (
					"$(inherited)",
					"@executable_path/Frameworks",
					"@loader_path/Frameworks",
				);
				PRODUCT_BUNDLE_IDENTIFIER = "Pursuit-Projects.Collection-View-LabTests";
				PRODUCT_NAME = "$(TARGET_NAME)";
				SWIFT_VERSION = 5.0;
				TARGETED_DEVICE_FAMILY = "1,2";
				TEST_HOST = "$(BUILT_PRODUCTS_DIR)/Collection-View-Lab.app/Collection-View-Lab";
			};
			name = Release;
		};
/* End XCBuildConfiguration section */

/* Begin XCConfigurationList section */
		A52049D4233D6A66000EF956 /* Build configuration list for PBXProject "Collection-View-Lab" */ = {
			isa = XCConfigurationList;
			buildConfigurations = (
				A52049F4233D6A68000EF956 /* Debug */,
				A52049F5233D6A68000EF956 /* Release */,
			);
			defaultConfigurationIsVisible = 0;
			defaultConfigurationName = Release;
		};
		A52049F6233D6A68000EF956 /* Build configuration list for PBXNativeTarget "Collection-View-Lab" */ = {
			isa = XCConfigurationList;
			buildConfigurations = (
				A52049F7233D6A68000EF956 /* Debug */,
				A52049F8233D6A68000EF956 /* Release */,
			);
			defaultConfigurationIsVisible = 0;
			defaultConfigurationName = Release;
		};
		A52049F9233D6A68000EF956 /* Build configuration list for PBXNativeTarget "Collection-View-LabTests" */ = {
			isa = XCConfigurationList;
			buildConfigurations = (
				A52049FA233D6A68000EF956 /* Debug */,
				A52049FB233D6A68000EF956 /* Release */,
			);
			defaultConfigurationIsVisible = 0;
			defaultConfigurationName = Release;
		};
/* End XCConfigurationList section */
	};
	rootObject = A52049D1233D6A66000EF956 /* Project object */;
}
